
Microsoft Visual Studio Solution File, Format Version 12.00
# Visual Studio Version 16
VisualStudioVersion = 16.0.30320.27
MinimumVisualStudioVersion = 10.0.40219.1
Project("{FAE04EC0-301F-11D3-BF4B-00C04F79EFBC}") = "TheatreMovieWebApp", "TheatreMovieWebApp.csproj", "{88C3C3DF-851E-4D00-A12D-32602242A355}"
EndProject
Global
	GlobalSection(SolutionConfigurationPlatforms) = preSolution
		Debug|Any CPU = Debug|Any CPU
		Release|Any CPU = Release|Any CPU
	EndGlobalSection
	GlobalSection(ProjectConfigurationPlatforms) = postSolution
		{88C3C3DF-851E-4D00-A12D-32602242A355}.Debug|Any CPU.ActiveCfg = Debug|Any CPU
		{88C3C3DF-851E-4D00-A12D-32602242A355}.Debug|Any CPU.Build.0 = Debug|Any CPU
		{88C3C3DF-851E-4D00-A12D-32602242A355}.Release|Any CPU.ActiveCfg = Release|Any CPU
		{88C3C3DF-851E-4D00-A12D-32602242A355}.Release|Any CPU.Build.0 = Release|Any CPU
	EndGlobalSection
	GlobalSection(SolutionProperties) = preSolution
		HideSolutionNode = FALSE
	EndGlobalSection
	GlobalSection(ExtensibilityGlobals) = postSolution
		SolutionGuid = {3F0C9105-4AA2-485D-93DB-4E3C3826D9E0}
	EndGlobalSection
EndGlobal
