
Microsoft Visual Studio Solution File, Format Version 12.00
# Visual Studio Version 16
VisualStudioVersion = 16.0.30406.217
MinimumVisualStudioVersion = 10.0.40219.1
Project("{FAE04EC0-301F-11D3-BF4B-00C04F79EFBC}") = "Core3Angular", "Core3Angular.csproj", "{68DBE854-E3D4-4B31-8CC3-75222BAB54B4}"
EndProject
Global
	GlobalSection(SolutionConfigurationPlatforms) = preSolution
		Debug|Any CPU = Debug|Any CPU
		Release|Any CPU = Release|Any CPU
	EndGlobalSection
	GlobalSection(ProjectConfigurationPlatforms) = postSolution
		{68DBE854-E3D4-4B31-8CC3-75222BAB54B4}.Debug|Any CPU.ActiveCfg = Debug|Any CPU
		{68DBE854-E3D4-4B31-8CC3-75222BAB54B4}.Debug|Any CPU.Build.0 = Debug|Any CPU
		{68DBE854-E3D4-4B31-8CC3-75222BAB54B4}.Release|Any CPU.ActiveCfg = Release|Any CPU
		{68DBE854-E3D4-4B31-8CC3-75222BAB54B4}.Release|Any CPU.Build.0 = Release|Any CPU
	EndGlobalSection
	GlobalSection(SolutionProperties) = preSolution
		HideSolutionNode = FALSE
	EndGlobalSection
	GlobalSection(ExtensibilityGlobals) = postSolution
		SolutionGuid = {162A6326-F337-44AF-8120-B682D2B38D7C}
	EndGlobalSection
EndGlobal
